// !$*UTF8*$!
{
	archiveVersion = 1;
	classes = {
	};
	objectVersion = 55;
	objects = {

/* Begin PBXBuildFile section */
		59246BBE274E5E8900F726D6 /* GameDetailViewController.swift in Sources */ = {isa = PBXBuildFile; fileRef = 59246BBD274E5E8800F726D6 /* GameDetailViewController.swift */; };
		59246BC0274E5EDE00F726D6 /* StandingsViewController.swift in Sources */ = {isa = PBXBuildFile; fileRef = 59246BBF274E5EDE00F726D6 /* StandingsViewController.swift */; };
		59246BC2274E5F3B00F726D6 /* WebViewController.swift in Sources */ = {isa = PBXBuildFile; fileRef = 59246BC1274E5F3B00F726D6 /* WebViewController.swift */; };
		59246BC6274E6E1700F726D6 /* GameDetail.swift in Sources */ = {isa = PBXBuildFile; fileRef = 59246BC5274E6E1700F726D6 /* GameDetail.swift */; };
		59EFE5E9274C30C200BA535C /* AppDelegate.swift in Sources */ = {isa = PBXBuildFile; fileRef = 59EFE5E8274C30C200BA535C /* AppDelegate.swift */; };
		59EFE5EB274C30C200BA535C /* SceneDelegate.swift in Sources */ = {isa = PBXBuildFile; fileRef = 59EFE5EA274C30C200BA535C /* SceneDelegate.swift */; };
		59EFE5ED274C30C200BA535C /* GamesViewController.swift in Sources */ = {isa = PBXBuildFile; fileRef = 59EFE5EC274C30C200BA535C /* GamesViewController.swift */; };
		59EFE5F0274C30C200BA535C /* Main.storyboard in Resources */ = {isa = PBXBuildFile; fileRef = 59EFE5EE274C30C200BA535C /* Main.storyboard */; };
		59EFE5F3274C30C200BA535C /* NBAconcept.xcdatamodeld in Sources */ = {isa = PBXBuildFile; fileRef = 59EFE5F1274C30C200BA535C /* NBAconcept.xcdatamodeld */; };
		59EFE5F5274C30C600BA535C /* Assets.xcassets in Resources */ = {isa = PBXBuildFile; fileRef = 59EFE5F4274C30C600BA535C /* Assets.xcassets */; };
		59EFE5F8274C30C600BA535C /* LaunchScreen.storyboard in Resources */ = {isa = PBXBuildFile; fileRef = 59EFE5F6274C30C600BA535C /* LaunchScreen.storyboard */; };
		59EFE604274C3F1700BA535C /* Game.swift in Sources */ = {isa = PBXBuildFile; fileRef = 59EFE603274C3F1700BA535C /* Game.swift */; };
		59EFE606274C523A00BA535C /* GameTableViewCell.swift in Sources */ = {isa = PBXBuildFile; fileRef = 59EFE605274C523A00BA535C /* GameTableViewCell.swift */; };
		59EFE609274C5E9E00BA535C /* SDWebImage in Frameworks */ = {isa = PBXBuildFile; productRef = 59EFE608274C5E9E00BA535C /* SDWebImage */; };
/* End PBXBuildFile section */

/* Begin PBXFileReference section */
		59246BBD274E5E8800F726D6 /* GameDetailViewController.swift */ = {isa = PBXFileReference; lastKnownFileType = sourcecode.swift; path = GameDetailViewController.swift; sourceTree = "<group>"; };
		59246BBF274E5EDE00F726D6 /* StandingsViewController.swift */ = {isa = PBXFileReference; lastKnownFileType = sourcecode.swift; path = StandingsViewController.swift; sourceTree = "<group>"; };
		59246BC1274E5F3B00F726D6 /* WebViewController.swift */ = {isa = PBXFileReference; lastKnownFileType = sourcecode.swift; path = WebViewController.swift; sourceTree = "<group>"; };
		59246BC5274E6E1700F726D6 /* GameDetail.swift */ = {isa = PBXFileReference; lastKnownFileType = sourcecode.swift; path = GameDetail.swift; sourceTree = "<group>"; };
		59EFE5E5274C30C200BA535C /* NBAconcept.app */ = {isa = PBXFileReference; explicitFileType = wrapper.application; includeInIndex = 0; path = NBAconcept.app; sourceTree = BUILT_PRODUCTS_DIR; };
		59EFE5E8274C30C200BA535C /* AppDelegate.swift */ = {isa = PBXFileReference; lastKnownFileType = sourcecode.swift; path = AppDelegate.swift; sourceTree = "<group>"; };
		59EFE5EA274C30C200BA535C /* SceneDelegate.swift */ = {isa = PBXFileReference; lastKnownFileType = sourcecode.swift; path = SceneDelegate.swift; sourceTree = "<group>"; };
		59EFE5EC274C30C200BA535C /* GamesViewController.swift */ = {isa = PBXFileReference; lastKnownFileType = sourcecode.swift; path = GamesViewController.swift; sourceTree = "<group>"; };
		59EFE5EF274C30C200BA535C /* Base */ = {isa = PBXFileReference; lastKnownFileType = file.storyboard; name = Base; path = Base.lproj/Main.storyboard; sourceTree = "<group>"; };
		59EFE5F2274C30C200BA535C /* NBAconcept.xcdatamodel */ = {isa = PBXFileReference; lastKnownFileType = wrapper.xcdatamodel; path = NBAconcept.xcdatamodel; sourceTree = "<group>"; };
		59EFE5F4274C30C600BA535C /* Assets.xcassets */ = {isa = PBXFileReference; lastKnownFileType = folder.assetcatalog; path = Assets.xcassets; sourceTree = "<group>"; };
		59EFE5F7274C30C600BA535C /* Base */ = {isa = PBXFileReference; lastKnownFileType = file.storyboard; name = Base; path = Base.lproj/LaunchScreen.storyboard; sourceTree = "<group>"; };
		59EFE5F9274C30C600BA535C /* Info.plist */ = {isa = PBXFileReference; lastKnownFileType = text.plist.xml; path = Info.plist; sourceTree = "<group>"; };
		59EFE603274C3F1700BA535C /* Game.swift */ = {isa = PBXFileReference; lastKnownFileType = sourcecode.swift; path = Game.swift; sourceTree = "<group>"; };
		59EFE605274C523A00BA535C /* GameTableViewCell.swift */ = {isa = PBXFileReference; lastKnownFileType = sourcecode.swift; path = GameTableViewCell.swift; sourceTree = "<group>"; };
/* End PBXFileReference section */

/* Begin PBXFrameworksBuildPhase section */
		59EFE5E2274C30C200BA535C /* Frameworks */ = {
			isa = PBXFrameworksBuildPhase;
			buildActionMask = 2147483647;
			files = (
				59EFE609274C5E9E00BA535C /* SDWebImage in Frameworks */,
			);
			runOnlyForDeploymentPostprocessing = 0;
		};
/* End PBXFrameworksBuildPhase section */

/* Begin PBXGroup section */
		59EFE5DC274C30C200BA535C = {
			isa = PBXGroup;
			children = (
				59EFE5E7274C30C200BA535C /* NBAconcept */,
				59EFE5E6274C30C200BA535C /* Products */,
			);
			sourceTree = "<group>";
		};
		59EFE5E6274C30C200BA535C /* Products */ = {
			isa = PBXGroup;
			children = (
				59EFE5E5274C30C200BA535C /* NBAconcept.app */,
			);
			name = Products;
			sourceTree = "<group>";
		};
		59EFE5E7274C30C200BA535C /* NBAconcept */ = {
			isa = PBXGroup;
			children = (
				59EFE5FF274C35B200BA535C /* Model */,
				59EFE602274C35DF00BA535C /* AppDelegate */,
				59EFE601274C35CC00BA535C /* Views */,
				59EFE600274C35C100BA535C /* Controllers */,
				59EFE5F4274C30C600BA535C /* Assets.xcassets */,
				59EFE5F9274C30C600BA535C /* Info.plist */,
				59EFE5F1274C30C200BA535C /* NBAconcept.xcdatamodeld */,
			);
			path = NBAconcept;
			sourceTree = "<group>";
		};
		59EFE5FF274C35B200BA535C /* Model */ = {
			isa = PBXGroup;
			children = (
				59EFE603274C3F1700BA535C /* Game.swift */,
				59246BC5274E6E1700F726D6 /* GameDetail.swift */,
			);
			path = Model;
			sourceTree = "<group>";
		};
		59EFE600274C35C100BA535C /* Controllers */ = {
			isa = PBXGroup;
			children = (
				59EFE5EC274C30C200BA535C /* GamesViewController.swift */,
				59246BBF274E5EDE00F726D6 /* StandingsViewController.swift */,
				59246BC1274E5F3B00F726D6 /* WebViewController.swift */,
				59246BBD274E5E8800F726D6 /* GameDetailViewController.swift */,
				59EFE605274C523A00BA535C /* GameTableViewCell.swift */,
			);
			path = Controllers;
			sourceTree = "<group>";
		};
		59EFE601274C35CC00BA535C /* Views */ = {
			isa = PBXGroup;
			children = (
				59EFE5F6274C30C600BA535C /* LaunchScreen.storyboard */,
				59EFE5EE274C30C200BA535C /* Main.storyboard */,
			);
			path = Views;
			sourceTree = "<group>";
		};
		59EFE602274C35DF00BA535C /* AppDelegate */ = {
			isa = PBXGroup;
			children = (
				59EFE5E8274C30C200BA535C /* AppDelegate.swift */,
				59EFE5EA274C30C200BA535C /* SceneDelegate.swift */,
			);
			path = AppDelegate;
			sourceTree = "<group>";
		};
/* End PBXGroup section */

/* Begin PBXNativeTarget section */
		59EFE5E4274C30C200BA535C /* NBAconcept */ = {
			isa = PBXNativeTarget;
			buildConfigurationList = 59EFE5FC274C30C600BA535C /* Build configuration list for PBXNativeTarget "NBAconcept" */;
			buildPhases = (
				59EFE5E1274C30C200BA535C /* Sources */,
				59EFE5E2274C30C200BA535C /* Frameworks */,
				59EFE5E3274C30C200BA535C /* Resources */,
			);
			buildRules = (
			);
			dependencies = (
			);
			name = NBAconcept;
			packageProductDependencies = (
				59EFE608274C5E9E00BA535C /* SDWebImage */,
			);
			productName = NBAconcept;
			productReference = 59EFE5E5274C30C200BA535C /* NBAconcept.app */;
			productType = "com.apple.product-type.application";
		};
/* End PBXNativeTarget section */

/* Begin PBXProject section */
		59EFE5DD274C30C200BA535C /* Project object */ = {
			isa = PBXProject;
			attributes = {
				BuildIndependentTargetsInParallel = 1;
				LastSwiftUpdateCheck = 1310;
				LastUpgradeCheck = 1310;
				TargetAttributes = {
					59EFE5E4274C30C200BA535C = {
						CreatedOnToolsVersion = 13.1;
					};
				};
			};
			buildConfigurationList = 59EFE5E0274C30C200BA535C /* Build configuration list for PBXProject "NBAconcept" */;
			compatibilityVersion = "Xcode 13.0";
			developmentRegion = en;
			hasScannedForEncodings = 0;
			knownRegions = (
				en,
				Base,
			);
			mainGroup = 59EFE5DC274C30C200BA535C;
			packageReferences = (
				59EFE607274C5E9E00BA535C /* XCRemoteSwiftPackageReference "SDWebImage" */,
			);
			productRefGroup = 59EFE5E6274C30C200BA535C /* Products */;
			projectDirPath = "";
			projectRoot = "";
			targets = (
				59EFE5E4274C30C200BA535C /* NBAconcept */,
			);
		};
/* End PBXProject section */

/* Begin PBXResourcesBuildPhase section */
		59EFE5E3274C30C200BA535C /* Resources */ = {
			isa = PBXResourcesBuildPhase;
			buildActionMask = 2147483647;
			files = (
				59EFE5F8274C30C600BA535C /* LaunchScreen.storyboard in Resources */,
				59EFE5F5274C30C600BA535C /* Assets.xcassets in Resources */,
				59EFE5F0274C30C200BA535C /* Main.storyboard in Resources */,
			);
			runOnlyForDeploymentPostprocessing = 0;
		};
/* End PBXResourcesBuildPhase section */

/* Begin PBXSourcesBuildPhase section */
		59EFE5E1274C30C200BA535C /* Sources */ = {
			isa = PBXSourcesBuildPhase;
			buildActionMask = 2147483647;
			files = (
				59246BBE274E5E8900F726D6 /* GameDetailViewController.swift in Sources */,
				59246BC2274E5F3B00F726D6 /* WebViewController.swift in Sources */,
				59EFE5F3274C30C200BA535C /* NBAconcept.xcdatamodeld in Sources */,
				59246BC0274E5EDE00F726D6 /* StandingsViewController.swift in Sources */,
				59246BC6274E6E1700F726D6 /* GameDetail.swift in Sources */,
				59EFE604274C3F1700BA535C /* Game.swift in Sources */,
				59EFE5ED274C30C200BA535C /* GamesViewController.swift in Sources */,
				59EFE5E9274C30C200BA535C /* AppDelegate.swift in Sources */,
				59EFE5EB274C30C200BA535C /* SceneDelegate.swift in Sources */,
				59EFE606274C523A00BA535C /* GameTableViewCell.swift in Sources */,
			);
			runOnlyForDeploymentPostprocessing = 0;
		};
/* End PBXSourcesBuildPhase section */

/* Begin PBXVariantGroup section */
		59EFE5EE274C30C200BA535C /* Main.storyboard */ = {
			isa = PBXVariantGroup;
			children = (
				59EFE5EF274C30C200BA535C /* Base */,
			);
			name = Main.storyboard;
			sourceTree = "<group>";
		};
		59EFE5F6274C30C600BA535C /* LaunchScreen.storyboard */ = {
			isa = PBXVariantGroup;
			children = (
				59EFE5F7274C30C600BA535C /* Base */,
			);
			name = LaunchScreen.storyboard;
			sourceTree = "<group>";
		};
/* End PBXVariantGroup section */

/* Begin XCBuildConfiguration section */
		59EFE5FA274C30C600BA535C /* Debug */ = {
			isa = XCBuildConfiguration;
			buildSettings = {
				ALWAYS_SEARCH_USER_PATHS = NO;
				CLANG_ANALYZER_NONNULL = YES;
				CLANG_ANALYZER_NUMBER_OBJECT_CONVERSION = YES_AGGRESSIVE;
				CLANG_CXX_LANGUAGE_STANDARD = "gnu++17";
				CLANG_CXX_LIBRARY = "libc++";
				CLANG_ENABLE_MODULES = YES;
				CLANG_ENABLE_OBJC_ARC = YES;
				CLANG_ENABLE_OBJC_WEAK = YES;
				CLANG_WARN_BLOCK_CAPTURE_AUTORELEASING = YES;
				CLANG_WARN_BOOL_CONVERSION = YES;
				CLANG_WARN_COMMA = YES;
				CLANG_WARN_CONSTANT_CONVERSION = YES;
				CLANG_WARN_DEPRECATED_OBJC_IMPLEMENTATIONS = YES;
				CLANG_WARN_DIRECT_OBJC_ISA_USAGE = YES_ERROR;
				CLANG_WARN_DOCUMENTATION_COMMENTS = YES;
				CLANG_WARN_EMPTY_BODY = YES;
				CLANG_WARN_ENUM_CONVERSION = YES;
				CLANG_WARN_INFINITE_RECURSION = YES;
				CLANG_WARN_INT_CONVERSION = YES;
				CLANG_WARN_NON_LITERAL_NULL_CONVERSION = YES;
				CLANG_WARN_OBJC_IMPLICIT_RETAIN_SELF = YES;
				CLANG_WARN_OBJC_LITERAL_CONVERSION = YES;
				CLANG_WARN_OBJC_ROOT_CLASS = YES_ERROR;
				CLANG_WARN_QUOTED_INCLUDE_IN_FRAMEWORK_HEADER = YES;
				CLANG_WARN_RANGE_LOOP_ANALYSIS = YES;
				CLANG_WARN_STRICT_PROTOTYPES = YES;
				CLANG_WARN_SUSPICIOUS_MOVE = YES;
				CLANG_WARN_UNGUARDED_AVAILABILITY = YES_AGGRESSIVE;
				CLANG_WARN_UNREACHABLE_CODE = YES;
				CLANG_WARN__DUPLICATE_METHOD_MATCH = YES;
				COPY_PHASE_STRIP = NO;
				DEBUG_INFORMATION_FORMAT = dwarf;
				ENABLE_STRICT_OBJC_MSGSEND = YES;
				ENABLE_TESTABILITY = YES;
				GCC_C_LANGUAGE_STANDARD = gnu11;
				GCC_DYNAMIC_NO_PIC = NO;
				GCC_NO_COMMON_BLOCKS = YES;
				GCC_OPTIMIZATION_LEVEL = 0;
				GCC_PREPROCESSOR_DEFINITIONS = (
					"DEBUG=1",
					"$(inherited)",
				);
				GCC_WARN_64_TO_32_BIT_CONVERSION = YES;
				GCC_WARN_ABOUT_RETURN_TYPE = YES_ERROR;
				GCC_WARN_UNDECLARED_SELECTOR = YES;
				GCC_WARN_UNINITIALIZED_AUTOS = YES_AGGRESSIVE;
				GCC_WARN_UNUSED_FUNCTION = YES;
				GCC_WARN_UNUSED_VARIABLE = YES;
				IPHONEOS_DEPLOYMENT_TARGET = 15.0;
				MTL_ENABLE_DEBUG_INFO = INCLUDE_SOURCE;
				MTL_FAST_MATH = YES;
				ONLY_ACTIVE_ARCH = YES;
				SDKROOT = iphoneos;
				SWIFT_ACTIVE_COMPILATION_CONDITIONS = DEBUG;
				SWIFT_OPTIMIZATION_LEVEL = "-Onone";
			};
			name = Debug;
		};
		59EFE5FB274C30C600BA535C /* Release */ = {
			isa = XCBuildConfiguration;
			buildSettings = {
				ALWAYS_SEARCH_USER_PATHS = NO;
				CLANG_ANALYZER_NONNULL = YES;
				CLANG_ANALYZER_NUMBER_OBJECT_CONVERSION = YES_AGGRESSIVE;
				CLANG_CXX_LANGUAGE_STANDARD = "gnu++17";
				CLANG_CXX_LIBRARY = "libc++";
				CLANG_ENABLE_MODULES = YES;
				CLANG_ENABLE_OBJC_ARC = YES;
				CLANG_ENABLE_OBJC_WEAK = YES;
				CLANG_WARN_BLOCK_CAPTURE_AUTORELEASING = YES;
				CLANG_WARN_BOOL_CONVERSION = YES;
				CLANG_WARN_COMMA = YES;
				CLANG_WARN_CONSTANT_CONVERSION = YES;
				CLANG_WARN_DEPRECATED_OBJC_IMPLEMENTATIONS = YES;
				CLANG_WARN_DIRECT_OBJC_ISA_USAGE = YES_ERROR;
				CLANG_WARN_DOCUMENTATION_COMMENTS = YES;
				CLANG_WARN_EMPTY_BODY = YES;
				CLANG_WARN_ENUM_CONVERSION = YES;
				CLANG_WARN_INFINITE_RECURSION = YES;
				CLANG_WARN_INT_CONVERSION = YES;
				CLANG_WARN_NON_LITERAL_NULL_CONVERSION = YES;
				CLANG_WARN_OBJC_IMPLICIT_RETAIN_SELF = YES;
				CLANG_WARN_OBJC_LITERAL_CONVERSION = YES;
				CLANG_WARN_OBJC_ROOT_CLASS = YES_ERROR;
				CLANG_WARN_QUOTED_INCLUDE_IN_FRAMEWORK_HEADER = YES;
				CLANG_WARN_RANGE_LOOP_ANALYSIS = YES;
				CLANG_WARN_STRICT_PROTOTYPES = YES;
				CLANG_WARN_SUSPICIOUS_MOVE = YES;
				CLANG_WARN_UNGUARDED_AVAILABILITY = YES_AGGRESSIVE;
				CLANG_WARN_UNREACHABLE_CODE = YES;
				CLANG_WARN__DUPLICATE_METHOD_MATCH = YES;
				COPY_PHASE_STRIP = NO;
				DEBUG_INFORMATION_FORMAT = "dwarf-with-dsym";
				ENABLE_NS_ASSERTIONS = NO;
				ENABLE_STRICT_OBJC_MSGSEND = YES;
				GCC_C_LANGUAGE_STANDARD = gnu11;
				GCC_NO_COMMON_BLOCKS = YES;
				GCC_WARN_64_TO_32_BIT_CONVERSION = YES;
				GCC_WARN_ABOUT_RETURN_TYPE = YES_ERROR;
				GCC_WARN_UNDECLARED_SELECTOR = YES;
				GCC_WARN_UNINITIALIZED_AUTOS = YES_AGGRESSIVE;
				GCC_WARN_UNUSED_FUNCTION = YES;
				GCC_WARN_UNUSED_VARIABLE = YES;
				IPHONEOS_DEPLOYMENT_TARGET = 15.0;
				MTL_ENABLE_DEBUG_INFO = NO;
				MTL_FAST_MATH = YES;
				SDKROOT = iphoneos;
				SWIFT_COMPILATION_MODE = wholemodule;
				SWIFT_OPTIMIZATION_LEVEL = "-O";
				VALIDATE_PRODUCT = YES;
			};
			name = Release;
		};
		59EFE5FD274C30C600BA535C /* Debug */ = {
			isa = XCBuildConfiguration;
			buildSettings = {
				ASSETCATALOG_COMPILER_APPICON_NAME = AppIcon;
				ASSETCATALOG_COMPILER_GLOBAL_ACCENT_COLOR_NAME = AccentColor;
				CODE_SIGN_STYLE = Automatic;
				CURRENT_PROJECT_VERSION = 1;
				DEVELOPMENT_TEAM = HMVN2K79TQ;
				GENERATE_INFOPLIST_FILE = YES;
				INFOPLIST_FILE = NBAconcept/Info.plist;
				INFOPLIST_KEY_UIApplicationSupportsIndirectInputEvents = YES;
				INFOPLIST_KEY_UILaunchStoryboardName = LaunchScreen;
				INFOPLIST_KEY_UIMainStoryboardFile = Main;
				INFOPLIST_KEY_UISupportedInterfaceOrientations_iPad = "UIInterfaceOrientationPortrait UIInterfaceOrientationPortraitUpsideDown UIInterfaceOrientationLandscapeLeft UIInterfaceOrientationLandscapeRight";
				INFOPLIST_KEY_UISupportedInterfaceOrientations_iPhone = "UIInterfaceOrientationPortrait UIInterfaceOrientationLandscapeLeft UIInterfaceOrientationLandscapeRight";
				LD_RUNPATH_SEARCH_PATHS = (
					"$(inherited)",
					"@executable_path/Frameworks",
				);
				MARKETING_VERSION = 1.0;
				PRODUCT_BUNDLE_IDENTIFIER = com.aziemelis.NBAconcept;
				PRODUCT_NAME = "$(TARGET_NAME)";
				SWIFT_EMIT_LOC_STRINGS = YES;
				SWIFT_VERSION = 5.0;
				TARGETED_DEVICE_FAMILY = "1,2";
			};
			name = Debug;
		};
		59EFE5FE274C30C600BA535C /* Release */ = {
			isa = XCBuildConfiguration;
			buildSettings = {
				ASSETCATALOG_COMPILER_APPICON_NAME = AppIcon;
				ASSETCATALOG_COMPILER_GLOBAL_ACCENT_COLOR_NAME = AccentColor;
				CODE_SIGN_STYLE = Automatic;
				CURRENT_PROJECT_VERSION = 1;
				DEVELOPMENT_TEAM = HMVN2K79TQ;
				GENERATE_INFOPLIST_FILE = YES;
				INFOPLIST_FILE = NBAconcept/Info.plist;
				INFOPLIST_KEY_UIApplicationSupportsIndirectInputEvents = YES;
				INFOPLIST_KEY_UILaunchStoryboardName = LaunchScreen;
				INFOPLIST_KEY_UIMainStoryboardFile = Main;
				INFOPLIST_KEY_UISupportedInterfaceOrientations_iPad = "UIInterfaceOrientationPortrait UIInterfaceOrientationPortraitUpsideDown UIInterfaceOrientationLandscapeLeft UIInterfaceOrientationLandscapeRight";
				INFOPLIST_KEY_UISupportedInterfaceOrientations_iPhone = "UIInterfaceOrientationPortrait UIInterfaceOrientationLandscapeLeft UIInterfaceOrientationLandscapeRight";
				LD_RUNPATH_SEARCH_PATHS = (
					"$(inherited)",
					"@executable_path/Frameworks",
				);
				MARKETING_VERSION = 1.0;
				PRODUCT_BUNDLE_IDENTIFIER = com.aziemelis.NBAconcept;
				PRODUCT_NAME = "$(TARGET_NAME)";
				SWIFT_EMIT_LOC_STRINGS = YES;
				SWIFT_VERSION = 5.0;
				TARGETED_DEVICE_FAMILY = "1,2";
			};
			name = Release;
		};
/* End XCBuildConfiguration section */

/* Begin XCConfigurationList section */
		59EFE5E0274C30C200BA535C /* Build configuration list for PBXProject "NBAconcept" */ = {
			isa = XCConfigurationList;
			buildConfigurations = (
				59EFE5FA274C30C600BA535C /* Debug */,
				59EFE5FB274C30C600BA535C /* Release */,
			);
			defaultConfigurationIsVisible = 0;
			defaultConfigurationName = Release;
		};
		59EFE5FC274C30C600BA535C /* Build configuration list for PBXNativeTarget "NBAconcept" */ = {
			isa = XCConfigurationList;
			buildConfigurations = (
				59EFE5FD274C30C600BA535C /* Debug */,
				59EFE5FE274C30C600BA535C /* Release */,
			);
			defaultConfigurationIsVisible = 0;
			defaultConfigurationName = Release;
		};
/* End XCConfigurationList section */

/* Begin XCRemoteSwiftPackageReference section */
		59EFE607274C5E9E00BA535C /* XCRemoteSwiftPackageReference "SDWebImage" */ = {
			isa = XCRemoteSwiftPackageReference;
			repositoryURL = "https://github.com/SDWebImage/SDWebImage.git";
			requirement = {
				kind = upToNextMajorVersion;
				minimumVersion = 5.0.0;
			};
		};
/* End XCRemoteSwiftPackageReference section */

/* Begin XCSwiftPackageProductDependency section */
		59EFE608274C5E9E00BA535C /* SDWebImage */ = {
			isa = XCSwiftPackageProductDependency;
			package = 59EFE607274C5E9E00BA535C /* XCRemoteSwiftPackageReference "SDWebImage" */;
			productName = SDWebImage;
		};
/* End XCSwiftPackageProductDependency section */

/* Begin XCVersionGroup section */
		59EFE5F1274C30C200BA535C /* NBAconcept.xcdatamodeld */ = {
			isa = XCVersionGroup;
			children = (
				59EFE5F2274C30C200BA535C /* NBAconcept.xcdatamodel */,
			);
			currentVersion = 59EFE5F2274C30C200BA535C /* NBAconcept.xcdatamodel */;
			path = NBAconcept.xcdatamodeld;
			sourceTree = "<group>";
			versionGroupType = wrapper.xcdatamodel;
		};
/* End XCVersionGroup section */
	};
	rootObject = 59EFE5DD274C30C200BA535C /* Project object */;
}
